<?xml version="1.0" encoding="utf-8"?>
<Project ToolsVersion="4.0" xmlns="http://schemas.microsoft.com/developer/msbuild/2003">
  <ItemGroup>
    <Filter Include="源文件">
      <UniqueIdentifier>{4FC737F1-C7A5-4376-A066-2A32D752A2FF}</UniqueIdentifier>
      <Extensions>cpp;c;cc;cxx;def;odl;idl;hpj;bat;asm;asmx</Extensions>
    </Filter>
    <Filter Include="头文件">
      <UniqueIdentifier>{93995380-89BD-4b04-88EB-625FBE52EBFB}</UniqueIdentifier>
      <Extensions>h;hh;hpp;hxx;hm;inl;inc;ipp;xsd</Extensions>
    </Filter>
    <Filter Include="资源文件">
      <UniqueIdentifier>{67DA6AB6-F800-4c08-8B7A-83BB121AAD01}</UniqueIdentifier>
      <Extensions>rc;ico;cur;bmp;dlg;rc2;rct;bin;rgs;gif;jpg;jpeg;jpe;resx;tiff;tif;png;wav;mfcribbon-ms</Extensions>
    </Filter>
  </ItemGroup>
  <ItemGroup>
    <ClCompile Include="av1dec.cpp">
      <Filter>源文件</Filter>
    </ClCompile>
    <ClCompile Include="codecparsers\bitReader.cpp">
      <Filter>源文件</Filter>
    </ClCompile>
    <ClCompile Include="tests\decodeinput.cpp">
      <Filter>源文件</Filter>
    </ClCompile>
    <ClCompile Include="aom\entropymode.c">
      <Filter>源文件</Filter>
    </ClCompile>
    <ClCompile Include="decoder\Av1Decoder.cpp">
      <Filter>源文件</Filter>
    </ClCompile>
    <ClCompile Include="codecparsers\Av1Tile.cpp">
      <Filter>源文件</Filter>
    </ClCompile>
    <ClCompile Include="codecparsers\SymbolDecoder.cpp">
      <Filter>源文件</Filter>
    </ClCompile>
    <ClCompile Include="codecparsers\Av1Parser.cpp">
      <Filter>源文件</Filter>
    </ClCompile>
    <ClCompile Include="codecparsers\EntropyDecoder.cpp">
      <Filter>源文件</Filter>
    </ClCompile>
    <ClCompile Include="codecparsers\Block.cpp">
      <Filter>源文件</Filter>
    </ClCompile>
    <ClCompile Include="codecparsers\TransformBlock.cpp">
      <Filter>源文件</Filter>
    </ClCompile>
  </ItemGroup>
  <ItemGroup>
    <ClInclude Include="aom\entropymode.h">
      <Filter>头文件</Filter>
    </ClInclude>
    <ClInclude Include="aom\enums.h">
      <Filter>头文件</Filter>
    </ClInclude>
    <ClInclude Include="aom\filter.h">
      <Filter>头文件</Filter>
    </ClInclude>
    <ClInclude Include="aom\prob.h">
      <Filter>头文件</Filter>
    </ClInclude>
    <ClInclude Include="aom\seg_common.h">
      <Filter>头文件</Filter>
    </ClInclude>
    <ClInclude Include="aom\aom_codec.h">
      <Filter>头文件</Filter>
    </ClInclude>
    <ClInclude Include="aom\entropy.h">
      <Filter>头文件</Filter>
    </ClInclude>
    <ClInclude Include="codecparsers\Av1Tile.h">
      <Filter>头文件</Filter>
    </ClInclude>
    <ClInclude Include="codecparsers\bitReader.h">
      <Filter>头文件</Filter>
    </ClInclude>
    <ClInclude Include="codecparsers\EntropyDecoder.h">
      <Filter>头文件</Filter>
    </ClInclude>
    <ClInclude Include="codecparsers\SymbolDecoder.h">
      <Filter>头文件</Filter>
    </ClInclude>
    <ClInclude Include="codecparsers\Av1Parser.h">
      <Filter>头文件</Filter>
    </ClInclude>
    <ClInclude Include="aom\token_cdfs.h">
      <Filter>头文件</Filter>
    </ClInclude>
    <ClInclude Include="codecparsers\Block.h">
      <Filter>头文件</Filter>
    </ClInclude>
    <ClInclude Include="codecparsers\TransformBlock.h">
      <Filter>头文件</Filter>
    </ClInclude>
  </ItemGroup>
</Project>